# This file is automatically @generated by Cargo.
# It is not intended for manual editing.
version = 3

[[package]]
name = "proc-macro2"
version = "1.0.60"
source = "registry+https://github.com/rust-lang/crates.io-index"
checksum = "dec2b086b7a862cf4de201096214fa870344cf922b2b30c167badb3af3195406"
dependencies = [
 "unicode-ident",
]

[[package]]
name = "quote"
version = "1.0.28"
source = "registry+https://github.com/rust-lang/crates.io-index"
checksum = "1b9ab9c7eadfd8df19006f1cf1a4aed13540ed5cbc047010ece5826e10825488"
dependencies = [
 "proc-macro2",
]

[[package]]
name = "stylers"
version = "0.3.1"
dependencies = [
 "proc-macro2",
 "quote",
 "stylers_core",
]

[[package]]
name = "stylers_core"
version = "0.3.1"
dependencies = [
 "proc-macro2",
 "quote",
]

[[package]]
name = "stylers_test"
version = "0.1.0"
dependencies = [
 "stylers",
]

[[package]]
name = "unicode-ident"
version = "1.0.7"
source = "registry+https://github.com/rust-lang/crates.io-index"
checksum = "775c11906edafc97bc378816b94585fbd9a054eabaf86fdd0ced94af449efab7"
